PODS:
  - FloatRatingView (3.0)
  - SQLite.swift (0.11.5):
    - SQLite.swift/standard (= 0.11.5)
  - SQLite.swift/standard (0.11.5)

DEPENDENCIES:
  - FloatRatingView
  - SQLite.swift

SPEC REPOS:
  https://github.com/cocoapods/specs.git:
    - FloatRatingView
    - SQLite.swift

SPEC CHECKSUMS:
  FloatRatingView: 0f7b45733124516ac6b8f535e5b5f4fa2e122180
  SQLite.swift: 6e5356850bb1791459f8c16d6ee9195b28714a2e

PODFILE CHECKSUM: 8e0ad56f3d35911a66457858e280d225b264c38a

COCOAPODS: 1.5.3
